
Microsoft Visual Studio Solution File, Format Version 12.00
# Visual Studio Version 17
VisualStudioVersion = 17.6.33723.286
MinimumVisualStudioVersion = 10.0.40219.1
Project("{FAE04EC0-301F-11D3-BF4B-00C04F79EFBC}") = "Challenge.WebApi", "Challenge.WebApi\Challenge.WebApi.csproj", "{FD1E36D0-D42C-4D9C-9246-B29302BE99B9}"
EndProject
Project("{FAE04EC0-301F-11D3-BF4B-00C04F79EFBC}") = "Challenge.ApplicationService", "Challenge.ApplicationService\Challenge.ApplicationService.csproj", "{6213B777-43AE-4A0B-A75E-B5B4252F7286}"
EndProject
Project("{FAE04EC0-301F-11D3-BF4B-00C04F79EFBC}") = "Challenge.DataAccessLayer", "Challenge.DataAccessLayer\Challenge.DataAccessLayer.csproj", "{41E9F573-36A3-4627-9478-6B564276DC44}"
EndProject
Project("{FAE04EC0-301F-11D3-BF4B-00C04F79EFBC}") = "Challenge.Domain", "Challenge.Domain\Challenge.Domain.csproj", "{993A6682-91B6-451F-B821-29E081CFD9F7}"
EndProject
Global
	GlobalSection(SolutionConfigurationPlatforms) = preSolution
		Debug|Any CPU = Debug|Any CPU
		Release|Any CPU = Release|Any CPU
	EndGlobalSection
	GlobalSection(ProjectConfigurationPlatforms) = postSolution
		{FD1E36D0-D42C-4D9C-9246-B29302BE99B9}.Debug|Any CPU.ActiveCfg = Debug|Any CPU
		{FD1E36D0-D42C-4D9C-9246-B29302BE99B9}.Debug|Any CPU.Build.0 = Debug|Any CPU
		{FD1E36D0-D42C-4D9C-9246-B29302BE99B9}.Release|Any CPU.ActiveCfg = Release|Any CPU
		{FD1E36D0-D42C-4D9C-9246-B29302BE99B9}.Release|Any CPU.Build.0 = Release|Any CPU
		{6213B777-43AE-4A0B-A75E-B5B4252F7286}.Debug|Any CPU.ActiveCfg = Debug|Any CPU
		{6213B777-43AE-4A0B-A75E-B5B4252F7286}.Debug|Any CPU.Build.0 = Debug|Any CPU
		{6213B777-43AE-4A0B-A75E-B5B4252F7286}.Release|Any CPU.ActiveCfg = Release|Any CPU
		{6213B777-43AE-4A0B-A75E-B5B4252F7286}.Release|Any CPU.Build.0 = Release|Any CPU
		{41E9F573-36A3-4627-9478-6B564276DC44}.Debug|Any CPU.ActiveCfg = Debug|Any CPU
		{41E9F573-36A3-4627-9478-6B564276DC44}.Debug|Any CPU.Build.0 = Debug|Any CPU
		{41E9F573-36A3-4627-9478-6B564276DC44}.Release|Any CPU.ActiveCfg = Release|Any CPU
		{41E9F573-36A3-4627-9478-6B564276DC44}.Release|Any CPU.Build.0 = Release|Any CPU
		{993A6682-91B6-451F-B821-29E081CFD9F7}.Debug|Any CPU.ActiveCfg = Debug|Any CPU
		{993A6682-91B6-451F-B821-29E081CFD9F7}.Debug|Any CPU.Build.0 = Debug|Any CPU
		{993A6682-91B6-451F-B821-29E081CFD9F7}.Release|Any CPU.ActiveCfg = Release|Any CPU
		{993A6682-91B6-451F-B821-29E081CFD9F7}.Release|Any CPU.Build.0 = Release|Any CPU
	EndGlobalSection
	GlobalSection(SolutionProperties) = preSolution
		HideSolutionNode = FALSE
	EndGlobalSection
	GlobalSection(ExtensibilityGlobals) = postSolution
		SolutionGuid = {B72C06B7-B207-4DFF-9AA1-AA39B59E4AB3}
	EndGlobalSection
EndGlobal
